
Microsoft Visual Studio Solution File, Format Version 12.00
# Visual Studio 15
VisualStudioVersion = 15.0.28010.2036
MinimumVisualStudioVersion = 10.0.40219.1
Project("{FAE04EC0-301F-11D3-BF4B-00C04F79EFBC}") = "T1708E_Core", "T1708E_Core\T1708E_Core.csproj", "{1A400108-5B8F-4A97-A8A8-D2C6512F1D39}"
EndProject
Global
	GlobalSection(SolutionConfigurationPlatforms) = preSolution
		Debug|Any CPU = Debug|Any CPU
		Release|Any CPU = Release|Any CPU
	EndGlobalSection
	GlobalSection(ProjectConfigurationPlatforms) = postSolution
		{1A400108-5B8F-4A97-A8A8-D2C6512F1D39}.Debug|Any CPU.ActiveCfg = Debug|Any CPU
		{1A400108-5B8F-4A97-A8A8-D2C6512F1D39}.Debug|Any CPU.Build.0 = Debug|Any CPU
		{1A400108-5B8F-4A97-A8A8-D2C6512F1D39}.Release|Any CPU.ActiveCfg = Release|Any CPU
		{1A400108-5B8F-4A97-A8A8-D2C6512F1D39}.Release|Any CPU.Build.0 = Release|Any CPU
	EndGlobalSection
	GlobalSection(SolutionProperties) = preSolution
		HideSolutionNode = FALSE
	EndGlobalSection
	GlobalSection(ExtensibilityGlobals) = postSolution
		SolutionGuid = {5D6BC158-78E8-4EC0-8D6F-2702FBA460F6}
	EndGlobalSection
EndGlobal
